# THIS IS AN AUTOGENERATED FILE. DO NOT EDIT THIS FILE DIRECTLY.
# yarn lockfile v1


relay-compiler@latest:
  version "13.0.1"
  resolved "https://registry.yarnpkg.com/relay-compiler/-/relay-compiler-13.0.1.tgz#09c713647aa7e1d8cf3de9f7fb4ee6a76b32cf26"
  integrity sha512-C/qJ7IdfZ140b9JaNpuAP6WhV/Odt/tIq4sUZoTwsaOlhs+1Zu3fvIOoWKTnZT5PC6krRuw1hD7GSX6/paVpTQ==
